// !$*UTF8*$!
{
	archiveVersion = 1;
	classes = {
	};
	objectVersion = 51;
	objects = {

/* Begin PBXBuildFile section */
		B023F47B25AC1B120016F553 /* AppDelegate.swift in Sources */ = {isa = PBXBuildFile; fileRef = B023F47A25AC1B120016F553 /* AppDelegate.swift */; };
		B023F47F25AC1B120016F553 /* ViewController.swift in Sources */ = {isa = PBXBuildFile; fileRef = B023F47E25AC1B120016F553 /* ViewController.swift */; };
		B023F48225AC1B120016F553 /* Main.storyboard in Resources */ = {isa = PBXBuildFile; fileRef = B023F48025AC1B120016F553 /* Main.storyboard */; };
		B023F48425AC1B140016F553 /* Assets.xcassets in Resources */ = {isa = PBXBuildFile; fileRef = B023F48325AC1B140016F553 /* Assets.xcassets */; };
		B023F48725AC1B140016F553 /* LaunchScreen.storyboard in Resources */ = {isa = PBXBuildFile; fileRef = B023F48525AC1B140016F553 /* LaunchScreen.storyboard */; };
		E347EF568CC9F37195C4F0DF /* Pods_Timetable_Library.framework in Frameworks */ = {isa = PBXBuildFile; fileRef = 187B59271402ED906097392C /* Pods_Timetable_Library.framework */; };
/* End PBXBuildFile section */

/* Begin PBXFileReference section */
		0A9D8D59D689442A075004C8 /* Pods-Timetable Library.debug.xcconfig */ = {isa = PBXFileReference; includeInIndex = 1; lastKnownFileType = text.xcconfig; name = "Pods-Timetable Library.debug.xcconfig"; path = "Target Support Files/Pods-Timetable Library/Pods-Timetable Library.debug.xcconfig"; sourceTree = "<group>"; };
		11E96C88B610E563A79F5C0C /* Pods-Timetable Library.release.xcconfig */ = {isa = PBXFileReference; includeInIndex = 1; lastKnownFileType = text.xcconfig; name = "Pods-Timetable Library.release.xcconfig"; path = "Target Support Files/Pods-Timetable Library/Pods-Timetable Library.release.xcconfig"; sourceTree = "<group>"; };
		187B59271402ED906097392C /* Pods_Timetable_Library.framework */ = {isa = PBXFileReference; explicitFileType = wrapper.framework; includeInIndex = 0; path = Pods_Timetable_Library.framework; sourceTree = BUILT_PRODUCTS_DIR; };
		B023F47725AC1B120016F553 /* ElliotableDemo.app */ = {isa = PBXFileReference; explicitFileType = wrapper.application; includeInIndex = 0; path = ElliotableDemo.app; sourceTree = BUILT_PRODUCTS_DIR; };
		B023F47A25AC1B120016F553 /* AppDelegate.swift */ = {isa = PBXFileReference; lastKnownFileType = sourcecode.swift; path = AppDelegate.swift; sourceTree = "<group>"; };
		B023F47E25AC1B120016F553 /* ViewController.swift */ = {isa = PBXFileReference; lastKnownFileType = sourcecode.swift; path = ViewController.swift; sourceTree = "<group>"; };
		B023F48125AC1B120016F553 /* Base */ = {isa = PBXFileReference; lastKnownFileType = file.storyboard; name = Base; path = Base.lproj/Main.storyboard; sourceTree = "<group>"; };
		B023F48325AC1B140016F553 /* Assets.xcassets */ = {isa = PBXFileReference; lastKnownFileType = folder.assetcatalog; path = Assets.xcassets; sourceTree = "<group>"; };
		B023F48625AC1B140016F553 /* Base */ = {isa = PBXFileReference; lastKnownFileType = file.storyboard; name = Base; path = Base.lproj/LaunchScreen.storyboard; sourceTree = "<group>"; };
		B023F48825AC1B140016F553 /* Info.plist */ = {isa = PBXFileReference; lastKnownFileType = text.plist.xml; path = Info.plist; sourceTree = "<group>"; };
/* End PBXFileReference section */

/* Begin PBXFrameworksBuildPhase section */
		B023F47425AC1B120016F553 /* Frameworks */ = {
			isa = PBXFrameworksBuildPhase;
			buildActionMask = 2147483647;
			files = (
				E347EF568CC9F37195C4F0DF /* Pods_Timetable_Library.framework in Frameworks */,
			);
			runOnlyForDeploymentPostprocessing = 0;
		};
/* End PBXFrameworksBuildPhase section */

/* Begin PBXGroup section */
		2AA10623CC3EBE8698D99776 /* Frameworks */ = {
			isa = PBXGroup;
			children = (
				187B59271402ED906097392C /* Pods_Timetable_Library.framework */,
			);
			name = Frameworks;
			sourceTree = "<group>";
		};
		B023F46E25AC1B120016F553 = {
			isa = PBXGroup;
			children = (
				B023F47925AC1B120016F553 /* ElliotableDemo */,
				B023F47825AC1B120016F553 /* Products */,
				E051B2D16562ADE07F5865E3 /* Pods */,
				2AA10623CC3EBE8698D99776 /* Frameworks */,
			);
			sourceTree = "<group>";
		};
		B023F47825AC1B120016F553 /* Products */ = {
			isa = PBXGroup;
			children = (
				B023F47725AC1B120016F553 /* ElliotableDemo.app */,
			);
			name = Products;
			sourceTree = "<group>";
		};
		B023F47925AC1B120016F553 /* ElliotableDemo */ = {
			isa = PBXGroup;
			children = (
				B023F47A25AC1B120016F553 /* AppDelegate.swift */,
				B023F47E25AC1B120016F553 /* ViewController.swift */,
				B023F48025AC1B120016F553 /* Main.storyboard */,
				B023F48325AC1B140016F553 /* Assets.xcassets */,
				B023F48525AC1B140016F553 /* LaunchScreen.storyboard */,
				B023F48825AC1B140016F553 /* Info.plist */,
			);
			path = ElliotableDemo;
			sourceTree = "<group>";
		};
		E051B2D16562ADE07F5865E3 /* Pods */ = {
			isa = PBXGroup;
			children = (
				0A9D8D59D689442A075004C8 /* Pods-Timetable Library.debug.xcconfig */,
				11E96C88B610E563A79F5C0C /* Pods-Timetable Library.release.xcconfig */,
			);
			path = Pods;
			sourceTree = "<group>";
		};
/* End PBXGroup section */

/* Begin PBXNativeTarget section */
		B023F47625AC1B120016F553 /* ElliotableDemo */ = {
			isa = PBXNativeTarget;
			buildConfigurationList = B023F48B25AC1B140016F553 /* Build configuration list for PBXNativeTarget "ElliotableDemo" */;
			buildPhases = (
				E8F4FA37E63D756ED069461E /* [CP] Check Pods Manifest.lock */,
				B023F47325AC1B120016F553 /* Sources */,
				B023F47425AC1B120016F553 /* Frameworks */,
				B023F47525AC1B120016F553 /* Resources */,
				A0E412C25FD679C63B23677C /* [CP] Embed Pods Frameworks */,
			);
			buildRules = (
			);
			dependencies = (
			);
			name = ElliotableDemo;
			productName = "Timetable Library";
			productReference = B023F47725AC1B120016F553 /* ElliotableDemo.app */;
			productType = "com.apple.product-type.application";
		};
/* End PBXNativeTarget section */

/* Begin PBXProject section */
		B023F46F25AC1B120016F553 /* Project object */ = {
			isa = PBXProject;
			attributes = {
				LastSwiftUpdateCheck = 1230;
				LastUpgradeCheck = 1230;
				TargetAttributes = {
					B023F47625AC1B120016F553 = {
						CreatedOnToolsVersion = 12.3;
					};
				};
			};
			buildConfigurationList = B023F47225AC1B120016F553 /* Build configuration list for PBXProject "ElliotableDemo" */;
			compatibilityVersion = "Xcode 9.3";
			developmentRegion = en;
			hasScannedForEncodings = 0;
			knownRegions = (
				en,
				Base,
			);
			mainGroup = B023F46E25AC1B120016F553;
			productRefGroup = B023F47825AC1B120016F553 /* Products */;
			projectDirPath = "";
			projectRoot = "";
			targets = (
				B023F47625AC1B120016F553 /* ElliotableDemo */,
			);
		};
/* End PBXProject section */

/* Begin PBXResourcesBuildPhase section */
		B023F47525AC1B120016F553 /* Resources */ = {
			isa = PBXResourcesBuildPhase;
			buildActionMask = 2147483647;
			files = (
				B023F48725AC1B140016F553 /* LaunchScreen.storyboard in Resources */,
				B023F48425AC1B140016F553 /* Assets.xcassets in Resources */,
				B023F48225AC1B120016F553 /* Main.storyboard in Resources */,
			);
			runOnlyForDeploymentPostprocessing = 0;
		};
/* End PBXResourcesBuildPhase section */

/* Begin PBXShellScriptBuildPhase section */
		A0E412C25FD679C63B23677C /* [CP] Embed Pods Frameworks */ = {
			isa = PBXShellScriptBuildPhase;
			buildActionMask = 2147483647;
			files = (
			);
			inputFileListPaths = (
				"${PODS_ROOT}/Target Support Files/Pods-Timetable Library/Pods-Timetable Library-frameworks-${CONFIGURATION}-input-files.xcfilelist",
			);
			name = "[CP] Embed Pods Frameworks";
			outputFileListPaths = (
				"${PODS_ROOT}/Target Support Files/Pods-Timetable Library/Pods-Timetable Library-frameworks-${CONFIGURATION}-output-files.xcfilelist",
			);
			runOnlyForDeploymentPostprocessing = 0;
			shellPath = /bin/sh;
			shellScript = "\"${PODS_ROOT}/Target Support Files/Pods-Timetable Library/Pods-Timetable Library-frameworks.sh\"\n";
			showEnvVarsInLog = 0;
		};
		E8F4FA37E63D756ED069461E /* [CP] Check Pods Manifest.lock */ = {
			isa = PBXShellScriptBuildPhase;
			buildActionMask = 2147483647;
			files = (
			);
			inputFileListPaths = (
			);
			inputPaths = (
				"${PODS_PODFILE_DIR_PATH}/Podfile.lock",
				"${PODS_ROOT}/Manifest.lock",
			);
			name = "[CP] Check Pods Manifest.lock";
			outputFileListPaths = (
			);
			outputPaths = (
				"$(DERIVED_FILE_DIR)/Pods-Timetable Library-checkManifestLockResult.txt",
			);
			runOnlyForDeploymentPostprocessing = 0;
			shellPath = /bin/sh;
			shellScript = "diff \"${PODS_PODFILE_DIR_PATH}/Podfile.lock\" \"${PODS_ROOT}/Manifest.lock\" > /dev/null\nif [ $? != 0 ] ; then\n    # print error to STDERR\n    echo \"error: The sandbox is not in sync with the Podfile.lock. Run 'pod install' or update your CocoaPods installation.\" >&2\n    exit 1\nfi\n# This output is used by Xcode 'outputs' to avoid re-running this script phase.\necho \"SUCCESS\" > \"${SCRIPT_OUTPUT_FILE_0}\"\n";
			showEnvVarsInLog = 0;
		};
/* End PBXShellScriptBuildPhase section */

/* Begin PBXSourcesBuildPhase section */
		B023F47325AC1B120016F553 /* Sources */ = {
			isa = PBXSourcesBuildPhase;
			buildActionMask = 2147483647;
			files = (
				B023F47F25AC1B120016F553 /* ViewController.swift in Sources */,
				B023F47B25AC1B120016F553 /* AppDelegate.swift in Sources */,
			);
			runOnlyForDeploymentPostprocessing = 0;
		};
/* End PBXSourcesBuildPhase section */

/* Begin PBXVariantGroup section */
		B023F48025AC1B120016F553 /* Main.storyboard */ = {
			isa = PBXVariantGroup;
			children = (
				B023F48125AC1B120016F553 /* Base */,
			);
			name = Main.storyboard;
			sourceTree = "<group>";
		};
		B023F48525AC1B140016F553 /* LaunchScreen.storyboard */ = {
			isa = PBXVariantGroup;
			children = (
				B023F48625AC1B140016F553 /* Base */,
			);
			name = LaunchScreen.storyboard;
			sourceTree = "<group>";
		};
/* End PBXVariantGroup section */

/* Begin XCBuildConfiguration section */
		B023F48925AC1B140016F553 /* Debug */ = {
			isa = XCBuildConfiguration;
			buildSettings = {
				ALWAYS_SEARCH_USER_PATHS = NO;
				CLANG_ANALYZER_NONNULL = YES;
				CLANG_ANALYZER_NUMBER_OBJECT_CONVERSION = YES_AGGRESSIVE;
				CLANG_CXX_LANGUAGE_STANDARD = "gnu++14";
				CLANG_CXX_LIBRARY = "libc++";
				CLANG_ENABLE_MODULES = YES;
				CLANG_ENABLE_OBJC_ARC = YES;
				CLANG_ENABLE_OBJC_WEAK = YES;
				CLANG_WARN_BLOCK_CAPTURE_AUTORELEASING = YES;
				CLANG_WARN_BOOL_CONVERSION = YES;
				CLANG_WARN_COMMA = YES;
				CLANG_WARN_CONSTANT_CONVERSION = YES;
				CLANG_WARN_DEPRECATED_OBJC_IMPLEMENTATIONS = YES;
				CLANG_WARN_DIRECT_OBJC_ISA_USAGE = YES_ERROR;
				CLANG_WARN_DOCUMENTATION_COMMENTS = YES;
				CLANG_WARN_EMPTY_BODY = YES;
				CLANG_WARN_ENUM_CONVERSION = YES;
				CLANG_WARN_INFINITE_RECURSION = YES;
				CLANG_WARN_INT_CONVERSION = YES;
				CLANG_WARN_NON_LITERAL_NULL_CONVERSION = YES;
				CLANG_WARN_OBJC_IMPLICIT_RETAIN_SELF = YES;
				CLANG_WARN_OBJC_LITERAL_CONVERSION = YES;
				CLANG_WARN_OBJC_ROOT_CLASS = YES_ERROR;
				CLANG_WARN_QUOTED_INCLUDE_IN_FRAMEWORK_HEADER = YES;
				CLANG_WARN_RANGE_LOOP_ANALYSIS = YES;
				CLANG_WARN_STRICT_PROTOTYPES = YES;
				CLANG_WARN_SUSPICIOUS_MOVE = YES;
				CLANG_WARN_UNGUARDED_AVAILABILITY = YES_AGGRESSIVE;
				CLANG_WARN_UNREACHABLE_CODE = YES;
				CLANG_WARN__DUPLICATE_METHOD_MATCH = YES;
				COPY_PHASE_STRIP = NO;
				DEBUG_INFORMATION_FORMAT = dwarf;
				ENABLE_STRICT_OBJC_MSGSEND = YES;
				ENABLE_TESTABILITY = YES;
				GCC_C_LANGUAGE_STANDARD = gnu11;
				GCC_DYNAMIC_NO_PIC = NO;
				GCC_NO_COMMON_BLOCKS = YES;
				GCC_OPTIMIZATION_LEVEL = 0;
				GCC_PREPROCESSOR_DEFINITIONS = (
					"DEBUG=1",
					"$(inherited)",
				);
				GCC_WARN_64_TO_32_BIT_CONVERSION = YES;
				GCC_WARN_ABOUT_RETURN_TYPE = YES_ERROR;
				GCC_WARN_UNDECLARED_SELECTOR = YES;
				GCC_WARN_UNINITIALIZED_AUTOS = YES_AGGRESSIVE;
				GCC_WARN_UNUSED_FUNCTION = YES;
				GCC_WARN_UNUSED_VARIABLE = YES;
				IPHONEOS_DEPLOYMENT_TARGET = 14.3;
				MTL_ENABLE_DEBUG_INFO = INCLUDE_SOURCE;
				MTL_FAST_MATH = YES;
				ONLY_ACTIVE_ARCH = YES;
				SDKROOT = iphoneos;
				SWIFT_ACTIVE_COMPILATION_CONDITIONS = DEBUG;
				SWIFT_OPTIMIZATION_LEVEL = "-Onone";
			};
			name = Debug;
		};
		B023F48A25AC1B140016F553 /* Release */ = {
			isa = XCBuildConfiguration;
			buildSettings = {
				ALWAYS_SEARCH_USER_PATHS = NO;
				CLANG_ANALYZER_NONNULL = YES;
				CLANG_ANALYZER_NUMBER_OBJECT_CONVERSION = YES_AGGRESSIVE;
				CLANG_CXX_LANGUAGE_STANDARD = "gnu++14";
				CLANG_CXX_LIBRARY = "libc++";
				CLANG_ENABLE_MODULES = YES;
				CLANG_ENABLE_OBJC_ARC = YES;
				CLANG_ENABLE_OBJC_WEAK = YES;
				CLANG_WARN_BLOCK_CAPTURE_AUTORELEASING = YES;
				CLANG_WARN_BOOL_CONVERSION = YES;
				CLANG_WARN_COMMA = YES;
				CLANG_WARN_CONSTANT_CONVERSION = YES;
				CLANG_WARN_DEPRECATED_OBJC_IMPLEMENTATIONS = YES;
				CLANG_WARN_DIRECT_OBJC_ISA_USAGE = YES_ERROR;
				CLANG_WARN_DOCUMENTATION_COMMENTS = YES;
				CLANG_WARN_EMPTY_BODY = YES;
				CLANG_WARN_ENUM_CONVERSION = YES;
				CLANG_WARN_INFINITE_RECURSION = YES;
				CLANG_WARN_INT_CONVERSION = YES;
				CLANG_WARN_NON_LITERAL_NULL_CONVERSION = YES;
				CLANG_WARN_OBJC_IMPLICIT_RETAIN_SELF = YES;
				CLANG_WARN_OBJC_LITERAL_CONVERSION = YES;
				CLANG_WARN_OBJC_ROOT_CLASS = YES_ERROR;
				CLANG_WARN_QUOTED_INCLUDE_IN_FRAMEWORK_HEADER = YES;
				CLANG_WARN_RANGE_LOOP_ANALYSIS = YES;
				CLANG_WARN_STRICT_PROTOTYPES = YES;
				CLANG_WARN_SUSPICIOUS_MOVE = YES;
				CLANG_WARN_UNGUARDED_AVAILABILITY = YES_AGGRESSIVE;
				CLANG_WARN_UNREACHABLE_CODE = YES;
				CLANG_WARN__DUPLICATE_METHOD_MATCH = YES;
				COPY_PHASE_STRIP = NO;
				DEBUG_INFORMATION_FORMAT = "dwarf-with-dsym";
				ENABLE_NS_ASSERTIONS = NO;
				ENABLE_STRICT_OBJC_MSGSEND = YES;
				GCC_C_LANGUAGE_STANDARD = gnu11;
				GCC_NO_COMMON_BLOCKS = YES;
				GCC_WARN_64_TO_32_BIT_CONVERSION = YES;
				GCC_WARN_ABOUT_RETURN_TYPE = YES_ERROR;
				GCC_WARN_UNDECLARED_SELECTOR = YES;
				GCC_WARN_UNINITIALIZED_AUTOS = YES_AGGRESSIVE;
				GCC_WARN_UNUSED_FUNCTION = YES;
				GCC_WARN_UNUSED_VARIABLE = YES;
				IPHONEOS_DEPLOYMENT_TARGET = 14.3;
				MTL_ENABLE_DEBUG_INFO = NO;
				MTL_FAST_MATH = YES;
				SDKROOT = iphoneos;
				SWIFT_COMPILATION_MODE = wholemodule;
				SWIFT_OPTIMIZATION_LEVEL = "-O";
				VALIDATE_PRODUCT = YES;
			};
			name = Release;
		};
		B023F48C25AC1B140016F553 /* Debug */ = {
			isa = XCBuildConfiguration;
			baseConfigurationReference = 0A9D8D59D689442A075004C8 /* Pods-Timetable Library.debug.xcconfig */;
			buildSettings = {
				ASSETCATALOG_COMPILER_APPICON_NAME = AppIcon;
				ASSETCATALOG_COMPILER_GLOBAL_ACCENT_COLOR_NAME = AccentColor;
				CODE_SIGN_STYLE = Automatic;
				DEVELOPMENT_TEAM = P6E4GUVUC9;
				INFOPLIST_FILE = ElliotableDemo/Info.plist;
				LD_RUNPATH_SEARCH_PATHS = (
					"$(inherited)",
					"@executable_path/Frameworks",
				);
				PRODUCT_BUNDLE_IDENTIFIER = "com.terry.timetableTest.Timetable-Library";
				PRODUCT_NAME = "$(TARGET_NAME)";
				SWIFT_VERSION = 5.0;
				TARGETED_DEVICE_FAMILY = "1,2";
			};
			name = Debug;
		};
		B023F48D25AC1B140016F553 /* Release */ = {
			isa = XCBuildConfiguration;
			baseConfigurationReference = 11E96C88B610E563A79F5C0C /* Pods-Timetable Library.release.xcconfig */;
			buildSettings = {
				ASSETCATALOG_COMPILER_APPICON_NAME = AppIcon;
				ASSETCATALOG_COMPILER_GLOBAL_ACCENT_COLOR_NAME = AccentColor;
				CODE_SIGN_STYLE = Automatic;
				DEVELOPMENT_TEAM = P6E4GUVUC9;
				INFOPLIST_FILE = ElliotableDemo/Info.plist;
				LD_RUNPATH_SEARCH_PATHS = (
					"$(inherited)",
					"@executable_path/Frameworks",
				);
				PRODUCT_BUNDLE_IDENTIFIER = "com.terry.timetableTest.Timetable-Library";
				PRODUCT_NAME = "$(TARGET_NAME)";
				SWIFT_VERSION = 5.0;
				TARGETED_DEVICE_FAMILY = "1,2";
			};
			name = Release;
		};
/* End XCBuildConfiguration section */

/* Begin XCConfigurationList section */
		B023F47225AC1B120016F553 /* Build configuration list for PBXProject "ElliotableDemo" */ = {
			isa = XCConfigurationList;
			buildConfigurations = (
				B023F48925AC1B140016F553 /* Debug */,
				B023F48A25AC1B140016F553 /* Release */,
			);
			defaultConfigurationIsVisible = 0;
			defaultConfigurationName = Release;
		};
		B023F48B25AC1B140016F553 /* Build configuration list for PBXNativeTarget "ElliotableDemo" */ = {
			isa = XCConfigurationList;
			buildConfigurations = (
				B023F48C25AC1B140016F553 /* Debug */,
				B023F48D25AC1B140016F553 /* Release */,
			);
			defaultConfigurationIsVisible = 0;
			defaultConfigurationName = Release;
		};
/* End XCConfigurationList section */
	};
	rootObject = B023F46F25AC1B120016F553 /* Project object */;
}
